
Microsoft Visual Studio Solution File, Format Version 12.00
# Visual Studio Version 16
VisualStudioVersion = 16.0.31313.79
MinimumVisualStudioVersion = 10.0.40219.1
Project("{FAE04EC0-301F-11D3-BF4B-00C04F79EFBC}") = "stadium-management", "stadium-management\stadium-management.csproj", "{5550E1F7-32AF-44D9-84FA-D336B4F39848}"
EndProject
Global
	GlobalSection(SolutionConfigurationPlatforms) = preSolution
		Debug|Any CPU = Debug|Any CPU
		Release|Any CPU = Release|Any CPU
	EndGlobalSection
	GlobalSection(ProjectConfigurationPlatforms) = postSolution
		{5550E1F7-32AF-44D9-84FA-D336B4F39848}.Debug|Any CPU.ActiveCfg = Debug|Any CPU
		{5550E1F7-32AF-44D9-84FA-D336B4F39848}.Debug|Any CPU.Build.0 = Debug|Any CPU
		{5550E1F7-32AF-44D9-84FA-D336B4F39848}.Release|Any CPU.ActiveCfg = Release|Any CPU
		{5550E1F7-32AF-44D9-84FA-D336B4F39848}.Release|Any CPU.Build.0 = Release|Any CPU
	EndGlobalSection
	GlobalSection(SolutionProperties) = preSolution
		HideSolutionNode = FALSE
	EndGlobalSection
	GlobalSection(ExtensibilityGlobals) = postSolution
		SolutionGuid = {FE0AEA8D-DC91-44E6-B09A-22BD6EE41ACF}
	EndGlobalSection
EndGlobal
